
Microsoft Visual Studio Solution File, Format Version 12.00
# Visual Studio Version 17
VisualStudioVersion = 17.2.32630.192
MinimumVisualStudioVersion = 10.0.40219.1
Project("{2150E333-8FDC-42A3-9474-1A3956D46DE8}") = "Src", "Src", "{24368F74-CF3D-4FFF-A55B-B96B6BC76CCB}"
EndProject
Project("{2150E333-8FDC-42A3-9474-1A3956D46DE8}") = "Test", "Test", "{EE303D97-40BF-4A30-820A-F308B02E1F80}"
EndProject
Project("{2150E333-8FDC-42A3-9474-1A3956D46DE8}") = "AccountManagement", "AccountManagement", "{7E32211A-B5C8-4A0E-BFC7-80D0B10B3448}"
EndProject
Project("{2150E333-8FDC-42A3-9474-1A3956D46DE8}") = "BlogManagement", "BlogManagement", "{D33DDEA2-CDD7-4AD6-B7D7-2A8D5A5E8BF4}"
EndProject
Project("{2150E333-8FDC-42A3-9474-1A3956D46DE8}") = "ChatManagement", "ChatManagement", "{7A0EE0F2-D17B-4F17-8B2A-EAB8A1E10E1F}"
EndProject
Project("{2150E333-8FDC-42A3-9474-1A3956D46DE8}") = "CommentManagement", "CommentManagement", "{3FD8A569-4832-4332-A140-27180B4FB7E6}"
EndProject
Project("{2150E333-8FDC-42A3-9474-1A3956D46DE8}") = "PlanManagement", "PlanManagement", "{E6665F19-2573-4526-8B02-ADC3C8F2CADF}"
EndProject
Project("{2150E333-8FDC-42A3-9474-1A3956D46DE8}") = "ReviewManagement", "ReviewManagement", "{57B68E1D-727C-4A16-8C7E-5C1E9325CB10}"
EndProject
Project("{2150E333-8FDC-42A3-9474-1A3956D46DE8}") = "WalletManagement", "WalletManagement", "{5F152A96-4B24-4962-ACAC-061BE857EBC6}"
EndProject
Project("{9A19103F-16F7-4668-BE54-9A1E7A4F7556}") = "0_Framework", "Src\0_Framework\0_Framework.csproj", "{B9E4AFB4-1457-409E-82FA-BCBAB0A22F14}"
EndProject
Project("{9A19103F-16F7-4668-BE54-9A1E7A4F7556}") = "EdixleQuery", "Src\EdixleQuery\EdixleQuery.csproj", "{E59FCDA3-1CE5-44F2-8A6B-2B7220E9AEBD}"
EndProject
Project("{9A19103F-16F7-4668-BE54-9A1E7A4F7556}") = "ServiceHost", "Src\ServiceHost\ServiceHost.csproj", "{3C91D1B1-4E27-4CAB-AC6D-961F53396A42}"
EndProject
Project("{2150E333-8FDC-42A3-9474-1A3956D46DE8}") = "AM.Domain", "AM.Domain", "{2731D6D4-19C7-4472-A891-6A90988DC671}"
EndProject
Project("{2150E333-8FDC-42A3-9474-1A3956D46DE8}") = "AM.Infrastructure", "AM.Infrastructure", "{E2FD785E-02AF-4BC2-A4F2-E072E78F3362}"
EndProject
Project("{2150E333-8FDC-42A3-9474-1A3956D46DE8}") = "AM.Application", "AM.Application", "{6CFC8C97-5EA7-421D-BE72-946DB6F53326}"
EndProject
Project("{2150E333-8FDC-42A3-9474-1A3956D46DE8}") = "BM.Domain", "BM.Domain", "{FB987E2B-4029-4A48-94C4-84F35BE5E3CB}"
EndProject
Project("{2150E333-8FDC-42A3-9474-1A3956D46DE8}") = "BM.Infrastructure", "BM.Infrastructure", "{57D3644C-8DDC-4011-84D1-B641E5F39492}"
EndProject
Project("{2150E333-8FDC-42A3-9474-1A3956D46DE8}") = "BM.Application", "BM.Application", "{D73A8E0E-92AB-4ACC-93FD-916D6673B4CB}"
EndProject
Project("{2150E333-8FDC-42A3-9474-1A3956D46DE8}") = "CHM.Application", "CHM.Application", "{B675E845-D9B9-4A3F-A633-BC165570B383}"
EndProject
Project("{2150E333-8FDC-42A3-9474-1A3956D46DE8}") = "CHM.Domain", "CHM.Domain", "{821F0A3B-AF3F-4F7A-BEF0-00FE52CEB998}"
EndProject
Project("{2150E333-8FDC-42A3-9474-1A3956D46DE8}") = "CHM.Infrastructure", "CHM.Infrastructure", "{487673E0-2CB2-42C6-9CE8-0D9EDF100E7C}"
EndProject
Project("{2150E333-8FDC-42A3-9474-1A3956D46DE8}") = "CM.Infrastructure", "CM.Infrastructure", "{DF34ADBD-213A-4073-B657-1A76D91D3685}"
EndProject
Project("{2150E333-8FDC-42A3-9474-1A3956D46DE8}") = "CM.Domain", "CM.Domain", "{83E229BF-F50B-4CD2-A2D2-DCDBE2CB2202}"
EndProject
Project("{2150E333-8FDC-42A3-9474-1A3956D46DE8}") = "CM.Application", "CM.Application", "{AE834A55-5F05-4F60-A527-B5FB7AEFC0A8}"
EndProject
Project("{2150E333-8FDC-42A3-9474-1A3956D46DE8}") = "PM.Domain", "PM.Domain", "{CBBB31DE-8457-4786-8283-518D995F5750}"
EndProject
Project("{2150E333-8FDC-42A3-9474-1A3956D46DE8}") = "PM.Infrastructure", "PM.Infrastructure", "{67B4E04D-59FE-4605-A7F3-41D6D019E4F3}"
EndProject
Project("{2150E333-8FDC-42A3-9474-1A3956D46DE8}") = "PM.Application", "PM.Application", "{718CE36A-AA66-49F1-B99F-D30EA8B33A12}"
EndProject
Project("{2150E333-8FDC-42A3-9474-1A3956D46DE8}") = "RM.Domain", "RM.Domain", "{83802D07-6743-4455-B5EB-DBF272630F54}"
EndProject
Project("{2150E333-8FDC-42A3-9474-1A3956D46DE8}") = "RM.Infrastructure", "RM.Infrastructure", "{1D315B01-AC47-49B5-93F1-1ED09E217104}"
EndProject
Project("{2150E333-8FDC-42A3-9474-1A3956D46DE8}") = "RM.Application", "RM.Application", "{7EBA6237-61CB-4CA5-9397-708850BA7F39}"
EndProject
Project("{2150E333-8FDC-42A3-9474-1A3956D46DE8}") = "WM.Application", "WM.Application", "{DF661AD1-2958-460B-B2A9-508FAD2BFBDE}"
EndProject
Project("{2150E333-8FDC-42A3-9474-1A3956D46DE8}") = "WM.Domain", "WM.Domain", "{D321E398-434F-4F4A-BD17-E8A90672FFB8}"
EndProject
Project("{2150E333-8FDC-42A3-9474-1A3956D46DE8}") = "WM.Infrastructure", "WM.Infrastructure", "{12A2D56F-4240-4451-86EB-B351CEA709CC}"
EndProject
Project("{9A19103F-16F7-4668-BE54-9A1E7A4F7556}") = "AccountManagement.Domain", "Src\AccountManagement\AM.Domain\AccountManagement.Domain\AccountManagement.Domain.csproj", "{880EB802-1933-447B-A4AB-6A16D23461CC}"
EndProject
Project("{9A19103F-16F7-4668-BE54-9A1E7A4F7556}") = "AccountManagement.Application", "Src\AccountManagement\AM.Application\AccountManagement.Application\AccountManagement.Application.csproj", "{935A85C6-7C56-46F7-A822-744B3AC2D5C9}"
EndProject
Project("{9A19103F-16F7-4668-BE54-9A1E7A4F7556}") = "AccountManagement.Application.Contracts", "Src\AccountManagement\AM.Application\AccountManagement.Application.Contracts\AccountManagement.Application.Contracts.csproj", "{9EB1D010-FD5A-4EC9-9344-B24DD84DE8D3}"
EndProject
Project("{9A19103F-16F7-4668-BE54-9A1E7A4F7556}") = "AccountManagement.Infrastructure.Configuration", "Src\AccountManagement\AM.Infrastructure\AccountManagement.Infrastructure.Configuration\AccountManagement.Infrastructure.Configuration.csproj", "{DEAA60DB-1A64-4604-BBC4-0291C9552189}"
EndProject
Project("{9A19103F-16F7-4668-BE54-9A1E7A4F7556}") = "AccountManagement.Infrastructure.EFCore", "Src\AccountManagement\AM.Infrastructure\AccountManagement.Infrastructure.EFCore\AccountManagement.Infrastructure.EFCore.csproj", "{E3D6069C-9A09-468C-8A3A-4468CC89A6CF}"
EndProject
Project("{9A19103F-16F7-4668-BE54-9A1E7A4F7556}") = "BlogManagement.Domain", "Src\BlogManagement\BM.Domain\BlogManagement.Domain\BlogManagement.Domain.csproj", "{F0C0BD99-9042-43E3-B7F4-729F6E699B3F}"
EndProject
Project("{9A19103F-16F7-4668-BE54-9A1E7A4F7556}") = "BlogManagement.Application", "Src\BlogManagement\BM.Application\BlogManagement.Application\BlogManagement.Application.csproj", "{BFDE0047-95AD-40BF-BBF4-933C34A3BEE5}"
EndProject
Project("{9A19103F-16F7-4668-BE54-9A1E7A4F7556}") = "BlogManagement.Application.Contracts", "Src\BlogManagement\BM.Application\BlogManagement.Application.Contracts\BlogManagement.Application.Contracts.csproj", "{6ADD8457-04E5-4B3B-87DA-332D0A071A9D}"
EndProject
Project("{9A19103F-16F7-4668-BE54-9A1E7A4F7556}") = "BlogManagement.Infrastructure.Configuration", "Src\BlogManagement\BM.Infrastructure\BlogManagement.Infrastructure.Configuration\BlogManagement.Infrastructure.Configuration.csproj", "{4895467B-65C2-4B60-B0B0-4013E619D907}"
EndProject
Project("{9A19103F-16F7-4668-BE54-9A1E7A4F7556}") = "BlogManagement.Infrastructure.EFCore", "Src\BlogManagement\BM.Infrastructure\BlogManagement.Infrastructure.EFCore\BlogManagement.Infrastructure.EFCore.csproj", "{87296E61-2F9C-430F-899D-5D5D71040F76}"
EndProject
Project("{9A19103F-16F7-4668-BE54-9A1E7A4F7556}") = "ChatManagement.Domain", "Src\ChatManagement\CHM.Domain\ChatManagement.Domain\ChatManagement.Domain.csproj", "{478B47A7-7172-4634-AF2E-6C75CE5CDF1F}"
EndProject
Project("{9A19103F-16F7-4668-BE54-9A1E7A4F7556}") = "ChatManagement.Application.Contracts", "Src\ChatManagement\CHM.Application\ChatManagement.Application.Contracts\ChatManagement.Application.Contracts.csproj", "{70660B16-0531-42B5-A566-7E71189EA4B3}"
EndProject
Project("{9A19103F-16F7-4668-BE54-9A1E7A4F7556}") = "ChatManagement.Application", "Src\ChatManagement\CHM.Application\ChatManagement.Application\ChatManagement.Application.csproj", "{22555F4A-6581-4028-AE2F-0986A734539E}"
EndProject
Project("{9A19103F-16F7-4668-BE54-9A1E7A4F7556}") = "ChatManagement.Infrastructure.Configuration", "Src\ChatManagement\CHM.Infrastructure\ChatManagement.Infrastructure.Configuration\ChatManagement.Infrastructure.Configuration.csproj", "{75A01A13-16BD-46A4-A4B4-62CA90DC93A5}"
EndProject
Project("{9A19103F-16F7-4668-BE54-9A1E7A4F7556}") = "ChatManagement.Infrastructure.EFCore", "Src\ChatManagement\CHM.Infrastructure\ChatManagement.Infrastructure.EFCore\ChatManagement.Infrastructure.EFCore.csproj", "{426776D6-D9CD-4A1F-8E71-6556105CEFE7}"
EndProject
Project("{9A19103F-16F7-4668-BE54-9A1E7A4F7556}") = "CommentManagement.Domain", "Src\CommentManagement\CM.Domain\CommentManagement.Domain\CommentManagement.Domain.csproj", "{BD91DC96-6B59-4B7D-B4B0-3A50E55E22A3}"
EndProject
Project("{9A19103F-16F7-4668-BE54-9A1E7A4F7556}") = "CommentManagement.Application.Contracts", "Src\CommentManagement\CM.Application\CommentManagement.Application.Contracts\CommentManagement.Application.Contracts.csproj", "{5C714393-C03D-4C0E-A7ED-23F9CB4D71EF}"
EndProject
Project("{9A19103F-16F7-4668-BE54-9A1E7A4F7556}") = "CommentManagement.Application", "Src\CommentManagement\CM.Application\CommentManagement.Application\CommentManagement.Application.csproj", "{838969E7-1278-4875-AA1C-E6C71B1CA8C8}"
EndProject
Project("{9A19103F-16F7-4668-BE54-9A1E7A4F7556}") = "CommentManagement.Infrastructure.Configuration", "Src\CommentManagement\CM.Infrastructure\CommentManagement.Infrastructure.Configuration\CommentManagement.Infrastructure.Configuration.csproj", "{1D995DCC-8AE3-4571-800D-34D18D812B54}"
EndProject
Project("{9A19103F-16F7-4668-BE54-9A1E7A4F7556}") = "CommentManagement.Infrastructure.EFCore", "Src\CommentManagement\CM.Infrastructure\CommentManagement.Infrastructure.EFCore\CommentManagement.Infrastructure.EFCore.csproj", "{571DC602-F2DF-4B56-B4B6-2FC2AF6E2165}"
EndProject
Project("{9A19103F-16F7-4668-BE54-9A1E7A4F7556}") = "PlanManagement.Domain", "Src\PlanManagement\PM.Domain\PlanManagement.Domain\PlanManagement.Domain.csproj", "{7CCD9BE7-C30C-4426-9BC1-CC383C066C13}"
EndProject
Project("{9A19103F-16F7-4668-BE54-9A1E7A4F7556}") = "PlanManagement.Application.Contracts", "Src\PlanManagement\PM.Application\PlanManagement.Application.Contracts\PlanManagement.Application.Contracts.csproj", "{327DFBA9-81BA-4872-98A9-BEE34C620E7F}"
EndProject
Project("{9A19103F-16F7-4668-BE54-9A1E7A4F7556}") = "PlanManagement.Application", "Src\PlanManagement\PM.Application\PlanManagement.Application\PlanManagement.Application.csproj", "{50940209-57F9-4973-B3D0-3DA18DC5A7A5}"
EndProject
Project("{9A19103F-16F7-4668-BE54-9A1E7A4F7556}") = "PlanManagement.Infrastructure.Configuration", "Src\PlanManagement\PM.Infrastructure\PlanManagement.Infrastructure.Configuration\PlanManagement.Infrastructure.Configuration.csproj", "{0ED58212-C187-4508-A006-20F835DF196C}"
EndProject
Project("{9A19103F-16F7-4668-BE54-9A1E7A4F7556}") = "PlanManagement.Infrastructure.EFCore", "Src\PlanManagement\PM.Infrastructure\PlanManagement.Infrastructure.EFCore\PlanManagement.Infrastructure.EFCore.csproj", "{69C97516-2BFE-47FA-88C3-3E51E414F9B9}"
EndProject
Project("{9A19103F-16F7-4668-BE54-9A1E7A4F7556}") = "ReviewManagement.Domain", "Src\ReviewManagement\RM.Domain\ReviewManagement.Domain\ReviewManagement.Domain.csproj", "{E5BA9598-8354-4C7C-9B68-FDC6C5C0D864}"
EndProject
Project("{9A19103F-16F7-4668-BE54-9A1E7A4F7556}") = "ReviewManagement.Application.Contracts", "Src\ReviewManagement\RM.Application\ReviewManagement.Application.Contracts\ReviewManagement.Application.Contracts.csproj", "{47F5624D-FAFB-42F5-A037-12C5BCA594C2}"
EndProject
Project("{9A19103F-16F7-4668-BE54-9A1E7A4F7556}") = "ReviewManagement.Application", "Src\ReviewManagement\RM.Application\ReviewManagement.Application\ReviewManagement.Application.csproj", "{3D406172-459F-4D21-99F1-0A9973E230B2}"
EndProject
Project("{9A19103F-16F7-4668-BE54-9A1E7A4F7556}") = "ReviewManagement.Infrastructure.Configuration", "Src\ReviewManagement\RM.Infrastructure\ReviewManagement.Infrastructure.Configuration\ReviewManagement.Infrastructure.Configuration.csproj", "{89548D06-76E2-4C7B-8126-14351DAC606A}"
EndProject
Project("{9A19103F-16F7-4668-BE54-9A1E7A4F7556}") = "WalletManagement.Domain", "Src\WalletManagement\WM.Domain\WalletManagement.Domain\WalletManagement.Domain.csproj", "{0630E707-A280-4311-A892-67BEF4E423A1}"
EndProject
Project("{9A19103F-16F7-4668-BE54-9A1E7A4F7556}") = "WalletManagement.Application.Contracts", "Src\WalletManagement\WM.Application\WalletManagement.Application.Contracts\WalletManagement.Application.Contracts.csproj", "{28DF916F-1FE8-4D43-B5F0-89F884330979}"
EndProject
Project("{9A19103F-16F7-4668-BE54-9A1E7A4F7556}") = "WalletManagement.Application", "Src\WalletManagement\WM.Application\WalletManagement.Application\WalletManagement.Application.csproj", "{6AB4BBBF-BA54-4947-A202-950CEAD26070}"
EndProject
Project("{9A19103F-16F7-4668-BE54-9A1E7A4F7556}") = "WalletManagement.Infrastructure.Configuration", "Src\WalletManagement\WM.Infrastructure\WalletManagement.Infrastructure.Configuration\WalletManagement.Infrastructure.Configuration.csproj", "{67EBAED5-142B-4696-AD71-AB932E99594E}"
EndProject
Project("{9A19103F-16F7-4668-BE54-9A1E7A4F7556}") = "WalletManagement.Infrastructure.EFCore", "Src\WalletManagement\WM.Infrastructure\WalletManagement.Infrastructure.EFCore\WalletManagement.Infrastructure.EFCore.csproj", "{01A4DF3B-A357-484C-882B-6C21B8C2EF1D}"
EndProject
Project("{9A19103F-16F7-4668-BE54-9A1E7A4F7556}") = "ReviewManagement.Infrastructure.EFCore", "Src\ReviewManagement\RM.Infrastructure\ReviewManagement.Infrastructure.EFCore\ReviewManagement.Infrastructure.EFCore.csproj", "{652655DC-E45B-4D00-8004-DEAFCDEFEDE6}"
EndProject
Project("{2150E333-8FDC-42A3-9474-1A3956D46DE8}") = "WalletManagement", "WalletManagement", "{1631EA61-0AD8-487F-A2E4-F9E063C98597}"
EndProject
Project("{2150E333-8FDC-42A3-9474-1A3956D46DE8}") = "WM.Application", "WM.Application", "{AA12EFB6-27D4-407D-82BC-1FF248AB2215}"
EndProject
Project("{2150E333-8FDC-42A3-9474-1A3956D46DE8}") = "WM.Domain", "WM.Domain", "{A314C264-B6D6-4C3A-BC7E-FFF6547D5F26}"
EndProject
Project("{2150E333-8FDC-42A3-9474-1A3956D46DE8}") = "WM.Infrastructure", "WM.Infrastructure", "{686F1B2B-B3B9-49BE-AD9F-AA9016B53CE0}"
EndProject
Project("{9A19103F-16F7-4668-BE54-9A1E7A4F7556}") = "WalletManagement.Application.Tests.Unit", "Test\WalletManagement\WM.Application\WalletManagement.Application.Tests.Unit\WalletManagement.Application.Tests.Unit.csproj", "{A3035E5F-5D3F-4011-98ED-32934A7194A7}"
EndProject
Project("{9A19103F-16F7-4668-BE54-9A1E7A4F7556}") = "WalletManagement.Infrastructure.Tests.Integration", "Test\WalletManagement\WM.Infrastructure\WalletManagement.Infrastructure.Tests.Integration\WalletManagement.Infrastructure.Tests.Integration.csproj", "{9BB2C439-E198-4C66-98B3-0DC96F139633}"
EndProject
Project("{9A19103F-16F7-4668-BE54-9A1E7A4F7556}") = "WalletManagement.Domain.Tests.Unit", "Test\WalletManagement\WM.Domain\WalletManagement.Domain.Tests.Unit\WalletManagement.Domain.Tests.Unit.csproj", "{BE109B6E-FFA5-4679-A3F8-DE8DD0512890}"
EndProject
Global
	GlobalSection(SolutionConfigurationPlatforms) = preSolution
		Debug|Any CPU = Debug|Any CPU
		Release|Any CPU = Release|Any CPU
	EndGlobalSection
	GlobalSection(ProjectConfigurationPlatforms) = postSolution
		{B9E4AFB4-1457-409E-82FA-BCBAB0A22F14}.Debug|Any CPU.ActiveCfg = Debug|Any CPU
		{B9E4AFB4-1457-409E-82FA-BCBAB0A22F14}.Debug|Any CPU.Build.0 = Debug|Any CPU
		{B9E4AFB4-1457-409E-82FA-BCBAB0A22F14}.Release|Any CPU.ActiveCfg = Release|Any CPU
		{B9E4AFB4-1457-409E-82FA-BCBAB0A22F14}.Release|Any CPU.Build.0 = Release|Any CPU
		{E59FCDA3-1CE5-44F2-8A6B-2B7220E9AEBD}.Debug|Any CPU.ActiveCfg = Debug|Any CPU
		{E59FCDA3-1CE5-44F2-8A6B-2B7220E9AEBD}.Debug|Any CPU.Build.0 = Debug|Any CPU
		{E59FCDA3-1CE5-44F2-8A6B-2B7220E9AEBD}.Release|Any CPU.ActiveCfg = Release|Any CPU
		{E59FCDA3-1CE5-44F2-8A6B-2B7220E9AEBD}.Release|Any CPU.Build.0 = Release|Any CPU
		{3C91D1B1-4E27-4CAB-AC6D-961F53396A42}.Debug|Any CPU.ActiveCfg = Debug|Any CPU
		{3C91D1B1-4E27-4CAB-AC6D-961F53396A42}.Debug|Any CPU.Build.0 = Debug|Any CPU
		{3C91D1B1-4E27-4CAB-AC6D-961F53396A42}.Release|Any CPU.ActiveCfg = Release|Any CPU
		{3C91D1B1-4E27-4CAB-AC6D-961F53396A42}.Release|Any CPU.Build.0 = Release|Any CPU
		{880EB802-1933-447B-A4AB-6A16D23461CC}.Debug|Any CPU.ActiveCfg = Debug|Any CPU
		{880EB802-1933-447B-A4AB-6A16D23461CC}.Debug|Any CPU.Build.0 = Debug|Any CPU
		{880EB802-1933-447B-A4AB-6A16D23461CC}.Release|Any CPU.ActiveCfg = Release|Any CPU
		{880EB802-1933-447B-A4AB-6A16D23461CC}.Release|Any CPU.Build.0 = Release|Any CPU
		{935A85C6-7C56-46F7-A822-744B3AC2D5C9}.Debug|Any CPU.ActiveCfg = Debug|Any CPU
		{935A85C6-7C56-46F7-A822-744B3AC2D5C9}.Debug|Any CPU.Build.0 = Debug|Any CPU
		{935A85C6-7C56-46F7-A822-744B3AC2D5C9}.Release|Any CPU.ActiveCfg = Release|Any CPU
		{935A85C6-7C56-46F7-A822-744B3AC2D5C9}.Release|Any CPU.Build.0 = Release|Any CPU
		{9EB1D010-FD5A-4EC9-9344-B24DD84DE8D3}.Debug|Any CPU.ActiveCfg = Debug|Any CPU
		{9EB1D010-FD5A-4EC9-9344-B24DD84DE8D3}.Debug|Any CPU.Build.0 = Debug|Any CPU
		{9EB1D010-FD5A-4EC9-9344-B24DD84DE8D3}.Release|Any CPU.ActiveCfg = Release|Any CPU
		{9EB1D010-FD5A-4EC9-9344-B24DD84DE8D3}.Release|Any CPU.Build.0 = Release|Any CPU
		{DEAA60DB-1A64-4604-BBC4-0291C9552189}.Debug|Any CPU.ActiveCfg = Debug|Any CPU
		{DEAA60DB-1A64-4604-BBC4-0291C9552189}.Debug|Any CPU.Build.0 = Debug|Any CPU
		{DEAA60DB-1A64-4604-BBC4-0291C9552189}.Release|Any CPU.ActiveCfg = Release|Any CPU
		{DEAA60DB-1A64-4604-BBC4-0291C9552189}.Release|Any CPU.Build.0 = Release|Any CPU
		{E3D6069C-9A09-468C-8A3A-4468CC89A6CF}.Debug|Any CPU.ActiveCfg = Debug|Any CPU
		{E3D6069C-9A09-468C-8A3A-4468CC89A6CF}.Debug|Any CPU.Build.0 = Debug|Any CPU
		{E3D6069C-9A09-468C-8A3A-4468CC89A6CF}.Release|Any CPU.ActiveCfg = Release|Any CPU
		{E3D6069C-9A09-468C-8A3A-4468CC89A6CF}.Release|Any CPU.Build.0 = Release|Any CPU
		{F0C0BD99-9042-43E3-B7F4-729F6E699B3F}.Debug|Any CPU.ActiveCfg = Debug|Any CPU
		{F0C0BD99-9042-43E3-B7F4-729F6E699B3F}.Debug|Any CPU.Build.0 = Debug|Any CPU
		{F0C0BD99-9042-43E3-B7F4-729F6E699B3F}.Release|Any CPU.ActiveCfg = Release|Any CPU
		{F0C0BD99-9042-43E3-B7F4-729F6E699B3F}.Release|Any CPU.Build.0 = Release|Any CPU
		{BFDE0047-95AD-40BF-BBF4-933C34A3BEE5}.Debug|Any CPU.ActiveCfg = Debug|Any CPU
		{BFDE0047-95AD-40BF-BBF4-933C34A3BEE5}.Debug|Any CPU.Build.0 = Debug|Any CPU
		{BFDE0047-95AD-40BF-BBF4-933C34A3BEE5}.Release|Any CPU.ActiveCfg = Release|Any CPU
		{BFDE0047-95AD-40BF-BBF4-933C34A3BEE5}.Release|Any CPU.Build.0 = Release|Any CPU
		{6ADD8457-04E5-4B3B-87DA-332D0A071A9D}.Debug|Any CPU.ActiveCfg = Debug|Any CPU
		{6ADD8457-04E5-4B3B-87DA-332D0A071A9D}.Debug|Any CPU.Build.0 = Debug|Any CPU
		{6ADD8457-04E5-4B3B-87DA-332D0A071A9D}.Release|Any CPU.ActiveCfg = Release|Any CPU
		{6ADD8457-04E5-4B3B-87DA-332D0A071A9D}.Release|Any CPU.Build.0 = Release|Any CPU
		{4895467B-65C2-4B60-B0B0-4013E619D907}.Debug|Any CPU.ActiveCfg = Debug|Any CPU
		{4895467B-65C2-4B60-B0B0-4013E619D907}.Debug|Any CPU.Build.0 = Debug|Any CPU
		{4895467B-65C2-4B60-B0B0-4013E619D907}.Release|Any CPU.ActiveCfg = Release|Any CPU
		{4895467B-65C2-4B60-B0B0-4013E619D907}.Release|Any CPU.Build.0 = Release|Any CPU
		{87296E61-2F9C-430F-899D-5D5D71040F76}.Debug|Any CPU.ActiveCfg = Debug|Any CPU
		{87296E61-2F9C-430F-899D-5D5D71040F76}.Debug|Any CPU.Build.0 = Debug|Any CPU
		{87296E61-2F9C-430F-899D-5D5D71040F76}.Release|Any CPU.ActiveCfg = Release|Any CPU
		{87296E61-2F9C-430F-899D-5D5D71040F76}.Release|Any CPU.Build.0 = Release|Any CPU
		{478B47A7-7172-4634-AF2E-6C75CE5CDF1F}.Debug|Any CPU.ActiveCfg = Debug|Any CPU
		{478B47A7-7172-4634-AF2E-6C75CE5CDF1F}.Debug|Any CPU.Build.0 = Debug|Any CPU
		{478B47A7-7172-4634-AF2E-6C75CE5CDF1F}.Release|Any CPU.ActiveCfg = Release|Any CPU
		{478B47A7-7172-4634-AF2E-6C75CE5CDF1F}.Release|Any CPU.Build.0 = Release|Any CPU
		{70660B16-0531-42B5-A566-7E71189EA4B3}.Debug|Any CPU.ActiveCfg = Debug|Any CPU
		{70660B16-0531-42B5-A566-7E71189EA4B3}.Debug|Any CPU.Build.0 = Debug|Any CPU
		{70660B16-0531-42B5-A566-7E71189EA4B3}.Release|Any CPU.ActiveCfg = Release|Any CPU
		{70660B16-0531-42B5-A566-7E71189EA4B3}.Release|Any CPU.Build.0 = Release|Any CPU
		{22555F4A-6581-4028-AE2F-0986A734539E}.Debug|Any CPU.ActiveCfg = Debug|Any CPU
		{22555F4A-6581-4028-AE2F-0986A734539E}.Debug|Any CPU.Build.0 = Debug|Any CPU
		{22555F4A-6581-4028-AE2F-0986A734539E}.Release|Any CPU.ActiveCfg = Release|Any CPU
		{22555F4A-6581-4028-AE2F-0986A734539E}.Release|Any CPU.Build.0 = Release|Any CPU
		{75A01A13-16BD-46A4-A4B4-62CA90DC93A5}.Debug|Any CPU.ActiveCfg = Debug|Any CPU
		{75A01A13-16BD-46A4-A4B4-62CA90DC93A5}.Debug|Any CPU.Build.0 = Debug|Any CPU
		{75A01A13-16BD-46A4-A4B4-62CA90DC93A5}.Release|Any CPU.ActiveCfg = Release|Any CPU
		{75A01A13-16BD-46A4-A4B4-62CA90DC93A5}.Release|Any CPU.Build.0 = Release|Any CPU
		{426776D6-D9CD-4A1F-8E71-6556105CEFE7}.Debug|Any CPU.ActiveCfg = Debug|Any CPU
		{426776D6-D9CD-4A1F-8E71-6556105CEFE7}.Debug|Any CPU.Build.0 = Debug|Any CPU
		{426776D6-D9CD-4A1F-8E71-6556105CEFE7}.Release|Any CPU.ActiveCfg = Release|Any CPU
		{426776D6-D9CD-4A1F-8E71-6556105CEFE7}.Release|Any CPU.Build.0 = Release|Any CPU
		{BD91DC96-6B59-4B7D-B4B0-3A50E55E22A3}.Debug|Any CPU.ActiveCfg = Debug|Any CPU
		{BD91DC96-6B59-4B7D-B4B0-3A50E55E22A3}.Debug|Any CPU.Build.0 = Debug|Any CPU
		{BD91DC96-6B59-4B7D-B4B0-3A50E55E22A3}.Release|Any CPU.ActiveCfg = Release|Any CPU
		{BD91DC96-6B59-4B7D-B4B0-3A50E55E22A3}.Release|Any CPU.Build.0 = Release|Any CPU
		{5C714393-C03D-4C0E-A7ED-23F9CB4D71EF}.Debug|Any CPU.ActiveCfg = Debug|Any CPU
		{5C714393-C03D-4C0E-A7ED-23F9CB4D71EF}.Debug|Any CPU.Build.0 = Debug|Any CPU
		{5C714393-C03D-4C0E-A7ED-23F9CB4D71EF}.Release|Any CPU.ActiveCfg = Release|Any CPU
		{5C714393-C03D-4C0E-A7ED-23F9CB4D71EF}.Release|Any CPU.Build.0 = Release|Any CPU
		{838969E7-1278-4875-AA1C-E6C71B1CA8C8}.Debug|Any CPU.ActiveCfg = Debug|Any CPU
		{838969E7-1278-4875-AA1C-E6C71B1CA8C8}.Debug|Any CPU.Build.0 = Debug|Any CPU
		{838969E7-1278-4875-AA1C-E6C71B1CA8C8}.Release|Any CPU.ActiveCfg = Release|Any CPU
		{838969E7-1278-4875-AA1C-E6C71B1CA8C8}.Release|Any CPU.Build.0 = Release|Any CPU
		{1D995DCC-8AE3-4571-800D-34D18D812B54}.Debug|Any CPU.ActiveCfg = Debug|Any CPU
		{1D995DCC-8AE3-4571-800D-34D18D812B54}.Debug|Any CPU.Build.0 = Debug|Any CPU
		{1D995DCC-8AE3-4571-800D-34D18D812B54}.Release|Any CPU.ActiveCfg = Release|Any CPU
		{1D995DCC-8AE3-4571-800D-34D18D812B54}.Release|Any CPU.Build.0 = Release|Any CPU
		{571DC602-F2DF-4B56-B4B6-2FC2AF6E2165}.Debug|Any CPU.ActiveCfg = Debug|Any CPU
		{571DC602-F2DF-4B56-B4B6-2FC2AF6E2165}.Debug|Any CPU.Build.0 = Debug|Any CPU
		{571DC602-F2DF-4B56-B4B6-2FC2AF6E2165}.Release|Any CPU.ActiveCfg = Release|Any CPU
		{571DC602-F2DF-4B56-B4B6-2FC2AF6E2165}.Release|Any CPU.Build.0 = Release|Any CPU
		{7CCD9BE7-C30C-4426-9BC1-CC383C066C13}.Debug|Any CPU.ActiveCfg = Debug|Any CPU
		{7CCD9BE7-C30C-4426-9BC1-CC383C066C13}.Debug|Any CPU.Build.0 = Debug|Any CPU
		{7CCD9BE7-C30C-4426-9BC1-CC383C066C13}.Release|Any CPU.ActiveCfg = Release|Any CPU
		{7CCD9BE7-C30C-4426-9BC1-CC383C066C13}.Release|Any CPU.Build.0 = Release|Any CPU
		{327DFBA9-81BA-4872-98A9-BEE34C620E7F}.Debug|Any CPU.ActiveCfg = Debug|Any CPU
		{327DFBA9-81BA-4872-98A9-BEE34C620E7F}.Debug|Any CPU.Build.0 = Debug|Any CPU
		{327DFBA9-81BA-4872-98A9-BEE34C620E7F}.Release|Any CPU.ActiveCfg = Release|Any CPU
		{327DFBA9-81BA-4872-98A9-BEE34C620E7F}.Release|Any CPU.Build.0 = Release|Any CPU
		{50940209-57F9-4973-B3D0-3DA18DC5A7A5}.Debug|Any CPU.ActiveCfg = Debug|Any CPU
		{50940209-57F9-4973-B3D0-3DA18DC5A7A5}.Debug|Any CPU.Build.0 = Debug|Any CPU
		{50940209-57F9-4973-B3D0-3DA18DC5A7A5}.Release|Any CPU.ActiveCfg = Release|Any CPU
		{50940209-57F9-4973-B3D0-3DA18DC5A7A5}.Release|Any CPU.Build.0 = Release|Any CPU
		{0ED58212-C187-4508-A006-20F835DF196C}.Debug|Any CPU.ActiveCfg = Debug|Any CPU
		{0ED58212-C187-4508-A006-20F835DF196C}.Debug|Any CPU.Build.0 = Debug|Any CPU
		{0ED58212-C187-4508-A006-20F835DF196C}.Release|Any CPU.ActiveCfg = Release|Any CPU
		{0ED58212-C187-4508-A006-20F835DF196C}.Release|Any CPU.Build.0 = Release|Any CPU
		{69C97516-2BFE-47FA-88C3-3E51E414F9B9}.Debug|Any CPU.ActiveCfg = Debug|Any CPU
		{69C97516-2BFE-47FA-88C3-3E51E414F9B9}.Debug|Any CPU.Build.0 = Debug|Any CPU
		{69C97516-2BFE-47FA-88C3-3E51E414F9B9}.Release|Any CPU.ActiveCfg = Release|Any CPU
		{69C97516-2BFE-47FA-88C3-3E51E414F9B9}.Release|Any CPU.Build.0 = Release|Any CPU
		{E5BA9598-8354-4C7C-9B68-FDC6C5C0D864}.Debug|Any CPU.ActiveCfg = Debug|Any CPU
		{E5BA9598-8354-4C7C-9B68-FDC6C5C0D864}.Debug|Any CPU.Build.0 = Debug|Any CPU
		{E5BA9598-8354-4C7C-9B68-FDC6C5C0D864}.Release|Any CPU.ActiveCfg = Release|Any CPU
		{E5BA9598-8354-4C7C-9B68-FDC6C5C0D864}.Release|Any CPU.Build.0 = Release|Any CPU
		{47F5624D-FAFB-42F5-A037-12C5BCA594C2}.Debug|Any CPU.ActiveCfg = Debug|Any CPU
		{47F5624D-FAFB-42F5-A037-12C5BCA594C2}.Debug|Any CPU.Build.0 = Debug|Any CPU
		{47F5624D-FAFB-42F5-A037-12C5BCA594C2}.Release|Any CPU.ActiveCfg = Release|Any CPU
		{47F5624D-FAFB-42F5-A037-12C5BCA594C2}.Release|Any CPU.Build.0 = Release|Any CPU
		{3D406172-459F-4D21-99F1-0A9973E230B2}.Debug|Any CPU.ActiveCfg = Debug|Any CPU
		{3D406172-459F-4D21-99F1-0A9973E230B2}.Debug|Any CPU.Build.0 = Debug|Any CPU
		{3D406172-459F-4D21-99F1-0A9973E230B2}.Release|Any CPU.ActiveCfg = Release|Any CPU
		{3D406172-459F-4D21-99F1-0A9973E230B2}.Release|Any CPU.Build.0 = Release|Any CPU
		{89548D06-76E2-4C7B-8126-14351DAC606A}.Debug|Any CPU.ActiveCfg = Debug|Any CPU
		{89548D06-76E2-4C7B-8126-14351DAC606A}.Debug|Any CPU.Build.0 = Debug|Any CPU
		{89548D06-76E2-4C7B-8126-14351DAC606A}.Release|Any CPU.ActiveCfg = Release|Any CPU
		{89548D06-76E2-4C7B-8126-14351DAC606A}.Release|Any CPU.Build.0 = Release|Any CPU
		{0630E707-A280-4311-A892-67BEF4E423A1}.Debug|Any CPU.ActiveCfg = Debug|Any CPU
		{0630E707-A280-4311-A892-67BEF4E423A1}.Debug|Any CPU.Build.0 = Debug|Any CPU
		{0630E707-A280-4311-A892-67BEF4E423A1}.Release|Any CPU.ActiveCfg = Release|Any CPU
		{0630E707-A280-4311-A892-67BEF4E423A1}.Release|Any CPU.Build.0 = Release|Any CPU
		{28DF916F-1FE8-4D43-B5F0-89F884330979}.Debug|Any CPU.ActiveCfg = Debug|Any CPU
		{28DF916F-1FE8-4D43-B5F0-89F884330979}.Debug|Any CPU.Build.0 = Debug|Any CPU
		{28DF916F-1FE8-4D43-B5F0-89F884330979}.Release|Any CPU.ActiveCfg = Release|Any CPU
		{28DF916F-1FE8-4D43-B5F0-89F884330979}.Release|Any CPU.Build.0 = Release|Any CPU
		{6AB4BBBF-BA54-4947-A202-950CEAD26070}.Debug|Any CPU.ActiveCfg = Debug|Any CPU
		{6AB4BBBF-BA54-4947-A202-950CEAD26070}.Debug|Any CPU.Build.0 = Debug|Any CPU
		{6AB4BBBF-BA54-4947-A202-950CEAD26070}.Release|Any CPU.ActiveCfg = Release|Any CPU
		{6AB4BBBF-BA54-4947-A202-950CEAD26070}.Release|Any CPU.Build.0 = Release|Any CPU
		{67EBAED5-142B-4696-AD71-AB932E99594E}.Debug|Any CPU.ActiveCfg = Debug|Any CPU
		{67EBAED5-142B-4696-AD71-AB932E99594E}.Debug|Any CPU.Build.0 = Debug|Any CPU
		{67EBAED5-142B-4696-AD71-AB932E99594E}.Release|Any CPU.ActiveCfg = Release|Any CPU
		{67EBAED5-142B-4696-AD71-AB932E99594E}.Release|Any CPU.Build.0 = Release|Any CPU
		{01A4DF3B-A357-484C-882B-6C21B8C2EF1D}.Debug|Any CPU.ActiveCfg = Debug|Any CPU
		{01A4DF3B-A357-484C-882B-6C21B8C2EF1D}.Debug|Any CPU.Build.0 = Debug|Any CPU
		{01A4DF3B-A357-484C-882B-6C21B8C2EF1D}.Release|Any CPU.ActiveCfg = Release|Any CPU
		{01A4DF3B-A357-484C-882B-6C21B8C2EF1D}.Release|Any CPU.Build.0 = Release|Any CPU
		{652655DC-E45B-4D00-8004-DEAFCDEFEDE6}.Debug|Any CPU.ActiveCfg = Debug|Any CPU
		{652655DC-E45B-4D00-8004-DEAFCDEFEDE6}.Debug|Any CPU.Build.0 = Debug|Any CPU
		{652655DC-E45B-4D00-8004-DEAFCDEFEDE6}.Release|Any CPU.ActiveCfg = Release|Any CPU
		{652655DC-E45B-4D00-8004-DEAFCDEFEDE6}.Release|Any CPU.Build.0 = Release|Any CPU
		{A3035E5F-5D3F-4011-98ED-32934A7194A7}.Debug|Any CPU.ActiveCfg = Debug|Any CPU
		{A3035E5F-5D3F-4011-98ED-32934A7194A7}.Debug|Any CPU.Build.0 = Debug|Any CPU
		{A3035E5F-5D3F-4011-98ED-32934A7194A7}.Release|Any CPU.ActiveCfg = Release|Any CPU
		{A3035E5F-5D3F-4011-98ED-32934A7194A7}.Release|Any CPU.Build.0 = Release|Any CPU
		{9BB2C439-E198-4C66-98B3-0DC96F139633}.Debug|Any CPU.ActiveCfg = Debug|Any CPU
		{9BB2C439-E198-4C66-98B3-0DC96F139633}.Debug|Any CPU.Build.0 = Debug|Any CPU
		{9BB2C439-E198-4C66-98B3-0DC96F139633}.Release|Any CPU.ActiveCfg = Release|Any CPU
		{9BB2C439-E198-4C66-98B3-0DC96F139633}.Release|Any CPU.Build.0 = Release|Any CPU
		{BE109B6E-FFA5-4679-A3F8-DE8DD0512890}.Debug|Any CPU.ActiveCfg = Debug|Any CPU
		{BE109B6E-FFA5-4679-A3F8-DE8DD0512890}.Debug|Any CPU.Build.0 = Debug|Any CPU
		{BE109B6E-FFA5-4679-A3F8-DE8DD0512890}.Release|Any CPU.ActiveCfg = Release|Any CPU
		{BE109B6E-FFA5-4679-A3F8-DE8DD0512890}.Release|Any CPU.Build.0 = Release|Any CPU
	EndGlobalSection
	GlobalSection(SolutionProperties) = preSolution
		HideSolutionNode = FALSE
	EndGlobalSection
	GlobalSection(NestedProjects) = preSolution
		{7E32211A-B5C8-4A0E-BFC7-80D0B10B3448} = {24368F74-CF3D-4FFF-A55B-B96B6BC76CCB}
		{D33DDEA2-CDD7-4AD6-B7D7-2A8D5A5E8BF4} = {24368F74-CF3D-4FFF-A55B-B96B6BC76CCB}
		{7A0EE0F2-D17B-4F17-8B2A-EAB8A1E10E1F} = {24368F74-CF3D-4FFF-A55B-B96B6BC76CCB}
		{3FD8A569-4832-4332-A140-27180B4FB7E6} = {24368F74-CF3D-4FFF-A55B-B96B6BC76CCB}
		{E6665F19-2573-4526-8B02-ADC3C8F2CADF} = {24368F74-CF3D-4FFF-A55B-B96B6BC76CCB}
		{57B68E1D-727C-4A16-8C7E-5C1E9325CB10} = {24368F74-CF3D-4FFF-A55B-B96B6BC76CCB}
		{5F152A96-4B24-4962-ACAC-061BE857EBC6} = {24368F74-CF3D-4FFF-A55B-B96B6BC76CCB}
		{B9E4AFB4-1457-409E-82FA-BCBAB0A22F14} = {24368F74-CF3D-4FFF-A55B-B96B6BC76CCB}
		{E59FCDA3-1CE5-44F2-8A6B-2B7220E9AEBD} = {24368F74-CF3D-4FFF-A55B-B96B6BC76CCB}
		{3C91D1B1-4E27-4CAB-AC6D-961F53396A42} = {24368F74-CF3D-4FFF-A55B-B96B6BC76CCB}
		{2731D6D4-19C7-4472-A891-6A90988DC671} = {7E32211A-B5C8-4A0E-BFC7-80D0B10B3448}
		{E2FD785E-02AF-4BC2-A4F2-E072E78F3362} = {7E32211A-B5C8-4A0E-BFC7-80D0B10B3448}
		{6CFC8C97-5EA7-421D-BE72-946DB6F53326} = {7E32211A-B5C8-4A0E-BFC7-80D0B10B3448}
		{FB987E2B-4029-4A48-94C4-84F35BE5E3CB} = {D33DDEA2-CDD7-4AD6-B7D7-2A8D5A5E8BF4}
		{57D3644C-8DDC-4011-84D1-B641E5F39492} = {D33DDEA2-CDD7-4AD6-B7D7-2A8D5A5E8BF4}
		{D73A8E0E-92AB-4ACC-93FD-916D6673B4CB} = {D33DDEA2-CDD7-4AD6-B7D7-2A8D5A5E8BF4}
		{B675E845-D9B9-4A3F-A633-BC165570B383} = {7A0EE0F2-D17B-4F17-8B2A-EAB8A1E10E1F}
		{821F0A3B-AF3F-4F7A-BEF0-00FE52CEB998} = {7A0EE0F2-D17B-4F17-8B2A-EAB8A1E10E1F}
		{487673E0-2CB2-42C6-9CE8-0D9EDF100E7C} = {7A0EE0F2-D17B-4F17-8B2A-EAB8A1E10E1F}
		{DF34ADBD-213A-4073-B657-1A76D91D3685} = {3FD8A569-4832-4332-A140-27180B4FB7E6}
		{83E229BF-F50B-4CD2-A2D2-DCDBE2CB2202} = {3FD8A569-4832-4332-A140-27180B4FB7E6}
		{AE834A55-5F05-4F60-A527-B5FB7AEFC0A8} = {3FD8A569-4832-4332-A140-27180B4FB7E6}
		{CBBB31DE-8457-4786-8283-518D995F5750} = {E6665F19-2573-4526-8B02-ADC3C8F2CADF}
		{67B4E04D-59FE-4605-A7F3-41D6D019E4F3} = {E6665F19-2573-4526-8B02-ADC3C8F2CADF}
		{718CE36A-AA66-49F1-B99F-D30EA8B33A12} = {E6665F19-2573-4526-8B02-ADC3C8F2CADF}
		{83802D07-6743-4455-B5EB-DBF272630F54} = {57B68E1D-727C-4A16-8C7E-5C1E9325CB10}
		{1D315B01-AC47-49B5-93F1-1ED09E217104} = {57B68E1D-727C-4A16-8C7E-5C1E9325CB10}
		{7EBA6237-61CB-4CA5-9397-708850BA7F39} = {57B68E1D-727C-4A16-8C7E-5C1E9325CB10}
		{DF661AD1-2958-460B-B2A9-508FAD2BFBDE} = {5F152A96-4B24-4962-ACAC-061BE857EBC6}
		{D321E398-434F-4F4A-BD17-E8A90672FFB8} = {5F152A96-4B24-4962-ACAC-061BE857EBC6}
		{12A2D56F-4240-4451-86EB-B351CEA709CC} = {5F152A96-4B24-4962-ACAC-061BE857EBC6}
		{880EB802-1933-447B-A4AB-6A16D23461CC} = {2731D6D4-19C7-4472-A891-6A90988DC671}
		{935A85C6-7C56-46F7-A822-744B3AC2D5C9} = {6CFC8C97-5EA7-421D-BE72-946DB6F53326}
		{9EB1D010-FD5A-4EC9-9344-B24DD84DE8D3} = {6CFC8C97-5EA7-421D-BE72-946DB6F53326}
		{DEAA60DB-1A64-4604-BBC4-0291C9552189} = {E2FD785E-02AF-4BC2-A4F2-E072E78F3362}
		{E3D6069C-9A09-468C-8A3A-4468CC89A6CF} = {E2FD785E-02AF-4BC2-A4F2-E072E78F3362}
		{F0C0BD99-9042-43E3-B7F4-729F6E699B3F} = {FB987E2B-4029-4A48-94C4-84F35BE5E3CB}
		{BFDE0047-95AD-40BF-BBF4-933C34A3BEE5} = {D73A8E0E-92AB-4ACC-93FD-916D6673B4CB}
		{6ADD8457-04E5-4B3B-87DA-332D0A071A9D} = {D73A8E0E-92AB-4ACC-93FD-916D6673B4CB}
		{4895467B-65C2-4B60-B0B0-4013E619D907} = {57D3644C-8DDC-4011-84D1-B641E5F39492}
		{87296E61-2F9C-430F-899D-5D5D71040F76} = {57D3644C-8DDC-4011-84D1-B641E5F39492}
		{478B47A7-7172-4634-AF2E-6C75CE5CDF1F} = {821F0A3B-AF3F-4F7A-BEF0-00FE52CEB998}
		{70660B16-0531-42B5-A566-7E71189EA4B3} = {B675E845-D9B9-4A3F-A633-BC165570B383}
		{22555F4A-6581-4028-AE2F-0986A734539E} = {B675E845-D9B9-4A3F-A633-BC165570B383}
		{75A01A13-16BD-46A4-A4B4-62CA90DC93A5} = {487673E0-2CB2-42C6-9CE8-0D9EDF100E7C}
		{426776D6-D9CD-4A1F-8E71-6556105CEFE7} = {487673E0-2CB2-42C6-9CE8-0D9EDF100E7C}
		{BD91DC96-6B59-4B7D-B4B0-3A50E55E22A3} = {83E229BF-F50B-4CD2-A2D2-DCDBE2CB2202}
		{5C714393-C03D-4C0E-A7ED-23F9CB4D71EF} = {AE834A55-5F05-4F60-A527-B5FB7AEFC0A8}
		{838969E7-1278-4875-AA1C-E6C71B1CA8C8} = {AE834A55-5F05-4F60-A527-B5FB7AEFC0A8}
		{1D995DCC-8AE3-4571-800D-34D18D812B54} = {DF34ADBD-213A-4073-B657-1A76D91D3685}
		{571DC602-F2DF-4B56-B4B6-2FC2AF6E2165} = {DF34ADBD-213A-4073-B657-1A76D91D3685}
		{7CCD9BE7-C30C-4426-9BC1-CC383C066C13} = {CBBB31DE-8457-4786-8283-518D995F5750}
		{327DFBA9-81BA-4872-98A9-BEE34C620E7F} = {718CE36A-AA66-49F1-B99F-D30EA8B33A12}
		{50940209-57F9-4973-B3D0-3DA18DC5A7A5} = {718CE36A-AA66-49F1-B99F-D30EA8B33A12}
		{0ED58212-C187-4508-A006-20F835DF196C} = {67B4E04D-59FE-4605-A7F3-41D6D019E4F3}
		{69C97516-2BFE-47FA-88C3-3E51E414F9B9} = {67B4E04D-59FE-4605-A7F3-41D6D019E4F3}
		{E5BA9598-8354-4C7C-9B68-FDC6C5C0D864} = {83802D07-6743-4455-B5EB-DBF272630F54}
		{47F5624D-FAFB-42F5-A037-12C5BCA594C2} = {7EBA6237-61CB-4CA5-9397-708850BA7F39}
		{3D406172-459F-4D21-99F1-0A9973E230B2} = {7EBA6237-61CB-4CA5-9397-708850BA7F39}
		{89548D06-76E2-4C7B-8126-14351DAC606A} = {1D315B01-AC47-49B5-93F1-1ED09E217104}
		{0630E707-A280-4311-A892-67BEF4E423A1} = {D321E398-434F-4F4A-BD17-E8A90672FFB8}
		{28DF916F-1FE8-4D43-B5F0-89F884330979} = {DF661AD1-2958-460B-B2A9-508FAD2BFBDE}
		{6AB4BBBF-BA54-4947-A202-950CEAD26070} = {DF661AD1-2958-460B-B2A9-508FAD2BFBDE}
		{67EBAED5-142B-4696-AD71-AB932E99594E} = {12A2D56F-4240-4451-86EB-B351CEA709CC}
		{01A4DF3B-A357-484C-882B-6C21B8C2EF1D} = {12A2D56F-4240-4451-86EB-B351CEA709CC}
		{652655DC-E45B-4D00-8004-DEAFCDEFEDE6} = {1D315B01-AC47-49B5-93F1-1ED09E217104}
		{1631EA61-0AD8-487F-A2E4-F9E063C98597} = {EE303D97-40BF-4A30-820A-F308B02E1F80}
		{AA12EFB6-27D4-407D-82BC-1FF248AB2215} = {1631EA61-0AD8-487F-A2E4-F9E063C98597}
		{A314C264-B6D6-4C3A-BC7E-FFF6547D5F26} = {1631EA61-0AD8-487F-A2E4-F9E063C98597}
		{686F1B2B-B3B9-49BE-AD9F-AA9016B53CE0} = {1631EA61-0AD8-487F-A2E4-F9E063C98597}
		{A3035E5F-5D3F-4011-98ED-32934A7194A7} = {AA12EFB6-27D4-407D-82BC-1FF248AB2215}
		{9BB2C439-E198-4C66-98B3-0DC96F139633} = {686F1B2B-B3B9-49BE-AD9F-AA9016B53CE0}
		{BE109B6E-FFA5-4679-A3F8-DE8DD0512890} = {A314C264-B6D6-4C3A-BC7E-FFF6547D5F26}
	EndGlobalSection
	GlobalSection(ExtensibilityGlobals) = postSolution
		SolutionGuid = {4280DDE0-52FE-449F-B6F4-72D177035F0D}
	EndGlobalSection
EndGlobal
